
Microsoft Visual Studio Solution File, Format Version 12.00
# Visual Studio Version 16
VisualStudioVersion = 16.0.31515.178
MinimumVisualStudioVersion = 10.0.40219.1
Project("{9A19103F-16F7-4668-BE54-9A1E7A4F7556}") = "EtherScanWebTest", "EtherScanWebTest\EtherScanWebTest.csproj", "{BAFB435A-42D6-4EFA-941C-9712F4E95110}"
EndProject
Project("{FAE04EC0-301F-11D3-BF4B-00C04F79EFBC}") = "UpdateDatabase", "UpdateDatabase\UpdateDatabase.csproj", "{405179C5-5288-45CB-91F4-2A62410AF7FB}"
EndProject
Global
	GlobalSection(SolutionConfigurationPlatforms) = preSolution
		Debug|Any CPU = Debug|Any CPU
		Release|Any CPU = Release|Any CPU
	EndGlobalSection
	GlobalSection(ProjectConfigurationPlatforms) = postSolution
		{BAFB435A-42D6-4EFA-941C-9712F4E95110}.Debug|Any CPU.ActiveCfg = Debug|Any CPU
		{BAFB435A-42D6-4EFA-941C-9712F4E95110}.Debug|Any CPU.Build.0 = Debug|Any CPU
		{BAFB435A-42D6-4EFA-941C-9712F4E95110}.Release|Any CPU.ActiveCfg = Release|Any CPU
		{BAFB435A-42D6-4EFA-941C-9712F4E95110}.Release|Any CPU.Build.0 = Release|Any CPU
		{405179C5-5288-45CB-91F4-2A62410AF7FB}.Debug|Any CPU.ActiveCfg = Debug|Any CPU
		{405179C5-5288-45CB-91F4-2A62410AF7FB}.Debug|Any CPU.Build.0 = Debug|Any CPU
		{405179C5-5288-45CB-91F4-2A62410AF7FB}.Release|Any CPU.ActiveCfg = Release|Any CPU
		{405179C5-5288-45CB-91F4-2A62410AF7FB}.Release|Any CPU.Build.0 = Release|Any CPU
	EndGlobalSection
	GlobalSection(SolutionProperties) = preSolution
		HideSolutionNode = FALSE
	EndGlobalSection
	GlobalSection(ExtensibilityGlobals) = postSolution
		SolutionGuid = {4E79973D-22B8-4E29-BD85-C8377410F1CE}
	EndGlobalSection
EndGlobal
